
Microsoft Visual Studio Solution File, Format Version 12.00
# Visual Studio Version 17
VisualStudioVersion = 17.9.34622.214
MinimumVisualStudioVersion = 10.0.40219.1
Project("{FAE04EC0-301F-11D3-BF4B-00C04F79EFBC}") = "InventoryManagementSys", "InventoryManagementSys\InventoryManagementSys.csproj", "{24819BA0-1D55-421A-BF18-B651DE9D512B}"
EndProject
Global
	GlobalSection(SolutionConfigurationPlatforms) = preSolution
		Debug|Any CPU = Debug|Any CPU
		Release|Any CPU = Release|Any CPU
	EndGlobalSection
	GlobalSection(ProjectConfigurationPlatforms) = postSolution
		{24819BA0-1D55-421A-BF18-B651DE9D512B}.Debug|Any CPU.ActiveCfg = Debug|Any CPU
		{24819BA0-1D55-421A-BF18-B651DE9D512B}.Debug|Any CPU.Build.0 = Debug|Any CPU
		{24819BA0-1D55-421A-BF18-B651DE9D512B}.Release|Any CPU.ActiveCfg = Release|Any CPU
		{24819BA0-1D55-421A-BF18-B651DE9D512B}.Release|Any CPU.Build.0 = Release|Any CPU
	EndGlobalSection
	GlobalSection(SolutionProperties) = preSolution
		HideSolutionNode = FALSE
	EndGlobalSection
	GlobalSection(ExtensibilityGlobals) = postSolution
		SolutionGuid = {670926AB-C493-4B59-97FF-4B0C02A227C5}
	EndGlobalSection
EndGlobal
